
Microsoft Visual Studio Solution File, Format Version 12.00
# Visual Studio Version 16
VisualStudioVersion = 16.0.31911.196
MinimumVisualStudioVersion = 10.0.40219.1
Project("{FAE04EC0-301F-11D3-BF4B-00C04F79EFBC}") = "Lab12_WpfApp1", "Lab12_WpfApp1\Lab12_WpfApp1.csproj", "{F79FFF1C-5AFD-40CA-A6E9-37C7B1AADF72}"
EndProject
Global
	GlobalSection(SolutionConfigurationPlatforms) = preSolution
		Debug|Any CPU = Debug|Any CPU
		Release|Any CPU = Release|Any CPU
	EndGlobalSection
	GlobalSection(ProjectConfigurationPlatforms) = postSolution
		{F79FFF1C-5AFD-40CA-A6E9-37C7B1AADF72}.Debug|Any CPU.ActiveCfg = Debug|Any CPU
		{F79FFF1C-5AFD-40CA-A6E9-37C7B1AADF72}.Debug|Any CPU.Build.0 = Debug|Any CPU
		{F79FFF1C-5AFD-40CA-A6E9-37C7B1AADF72}.Release|Any CPU.ActiveCfg = Release|Any CPU
		{F79FFF1C-5AFD-40CA-A6E9-37C7B1AADF72}.Release|Any CPU.Build.0 = Release|Any CPU
	EndGlobalSection
	GlobalSection(SolutionProperties) = preSolution
		HideSolutionNode = FALSE
	EndGlobalSection
	GlobalSection(ExtensibilityGlobals) = postSolution
		SolutionGuid = {23F978D1-649C-425A-8F50-AB66F14A3EFD}
	EndGlobalSection
EndGlobal
